// !$*UTF8*$!
{
	archiveVersion = 1;
	classes = {
	};
	objectVersion = 77;
	objects = {

/* Begin PBXBuildFile section */
		00D0825C9744B12E1FDEA62C /* CADViewerBridgeView.swift in Sources */ = {isa = PBXBuildFile; fileRef = 4E9DBEEBA7EA92DB2E6A87EE /* CADViewerBridgeView.swift */; };
		0C849EC8A4214B1FB65C7941 /* TviProgressControl.m in Sources */ = {isa = PBXBuildFile; fileRef = 07381E0AB6BDD6152F83F57A /* TviProgressControl.m */; };
		0E6232669D8A04CE92D25D85 /* RenderViewController.mm in Sources */ = {isa = PBXBuildFile; fileRef = 1B664BD21AE2E686241CB18D /* RenderViewController.mm */; };
		3B733CA4B8BD27324536F273 /* TviCore.mm in Sources */ = {isa = PBXBuildFile; fileRef = 4965624F858B5FC8BC9379B7 /* TviCore.mm */; };
		3EF6DB11C7BD11D87A9C5CCC /* TviImportParameters.mm in Sources */ = {isa = PBXBuildFile; fileRef = 030EF0ABEDDD0762C4723F60 /* TviImportParameters.mm */; };
		4877ED762F87B49E005709DC /* Sample.dwg in Resources */ = {isa = PBXBuildFile; fileRef = 4877ED752F87B49E005709DC /* Sample.dwg */; };
		48A740672F8789EA00465BAE /* CADFPApp.swift in Sources */ = {isa = PBXBuildFile; fileRef = 48A740642F8789EA00465BAE /* CADFPApp.swift */; };
		48A740682F8789EA00465BAE /* ContentView.swift in Sources */ = {isa = PBXBuildFile; fileRef = 48A740652F8789EA00465BAE /* ContentView.swift */; };
		48A740692F8789EA00465BAE /* Assets.xcassets in Resources */ = {isa = PBXBuildFile; fileRef = 48A740632F8789EA00465BAE /* Assets.xcassets */; };
		48A7406B2F878A1800465BAE /* HomeView.swift in Sources */ = {isa = PBXBuildFile; fileRef = 48A7406A2F878A1800465BAE /* HomeView.swift */; };
		4B887775A576145354939EAD /* TviTools.mm in Sources */ = {isa = PBXBuildFile; fileRef = 157A90A95BEE7A35B68527FA /* TviTools.mm */; };
		4E039D043BB8643B3DED18B6 /* CADLayerItem.m in Sources */ = {isa = PBXBuildFile; fileRef = 535581FED2FF68B0D2CD82C2 /* CADLayerItem.m */; };
		57425B11277CCA1A0C7CC822 /* TviMemoryStatus.mm in Sources */ = {isa = PBXBuildFile; fileRef = 37E555DF90BF14DA9745FFFF /* TviMemoryStatus.mm */; };
		5BA54139AF5E5A7392C00025 /* CADBaseViewController.mm in Sources */ = {isa = PBXBuildFile; fileRef = D18227E519CB6846BBDB626D /* CADBaseViewController.mm */; };
		625888F8BE5D25736808C472 /* CADViewerViewModel.swift in Sources */ = {isa = PBXBuildFile; fileRef = 758E87CFCCC932C4D39FC801 /* CADViewerViewModel.swift */; };
		690F77A68421A4C71312B133 /* TviActivator.cpp in Sources */ = {isa = PBXBuildFile; fileRef = B2931A55DC6712E1DAFC7F4C /* TviActivator.cpp */; };
		75BC06228B156ABFB6571563 /* CADEngineBootstrap.mm in Sources */ = {isa = PBXBuildFile; fileRef = CB75FB1333EAFBFF2463AD38 /* CADEngineBootstrap.mm */; };
		93D8D913CA56B58AF98590B0 /* TviGlobalParameters.mm in Sources */ = {isa = PBXBuildFile; fileRef = 89C1C9D12C98B2C9BC330361 /* TviGlobalParameters.mm */; };
		9847AFE9233C07E8CC75FD6A /* TviAxisControl.cpp in Sources */ = {isa = PBXBuildFile; fileRef = 12FC66DFB0EA09D0A0FD36B5 /* TviAxisControl.cpp */; };
		98864A387D710A2F7BB44A1F /* CADViewerScreen.swift in Sources */ = {isa = PBXBuildFile; fileRef = 6F0FAF25C6E74F057EEA0E9B /* CADViewerScreen.swift */; };
		A792F298CA49C1BAD6A6AC0B /* TviLimitManager.cpp in Sources */ = {isa = PBXBuildFile; fileRef = 3DC42DC9A40D81AF5800A61A /* TviLimitManager.cpp */; };
		C910362D9039E664808D35AD /* TviProgressMeter.mm in Sources */ = {isa = PBXBuildFile; fileRef = CEB1738F6356C259E0C53178 /* TviProgressMeter.mm */; };
		E6CAE09C6E9B9967FB27329F /* TviDraggers.mm in Sources */ = {isa = PBXBuildFile; fileRef = F3FB2A599F66FA2A0973B1A5 /* TviDraggers.mm */; };
/* End PBXBuildFile section */

/* Begin PBXFileReference section */
		030EF0ABEDDD0762C4723F60 /* TviImportParameters.mm */ = {isa = PBXFileReference; includeInIndex = 1; path = TviImportParameters.mm; sourceTree = "<group>"; };
		07381E0AB6BDD6152F83F57A /* TviProgressControl.m */ = {isa = PBXFileReference; includeInIndex = 1; lastKnownFileType = sourcecode.c.objc; path = TviProgressControl.m; sourceTree = "<group>"; };
		10C3BA369C4FF70B7445C35B /* RenderViewController.h */ = {isa = PBXFileReference; includeInIndex = 1; lastKnownFileType = sourcecode.c.h; path = RenderViewController.h; sourceTree = "<group>"; };
		12FC66DFB0EA09D0A0FD36B5 /* TviAxisControl.cpp */ = {isa = PBXFileReference; includeInIndex = 1; lastKnownFileType = sourcecode.cpp.cpp; path = TviAxisControl.cpp; sourceTree = "<group>"; };
		157A90A95BEE7A35B68527FA /* TviTools.mm */ = {isa = PBXFileReference; includeInIndex = 1; path = TviTools.mm; sourceTree = "<group>"; };
		1B664BD21AE2E686241CB18D /* RenderViewController.mm */ = {isa = PBXFileReference; includeInIndex = 1; path = RenderViewController.mm; sourceTree = "<group>"; };
		1B931E5A5373F8FEB6A7FA26 /* TviMemoryStatus.h */ = {isa = PBXFileReference; includeInIndex = 1; lastKnownFileType = sourcecode.c.h; path = TviMemoryStatus.h; sourceTree = "<group>"; };
		1C5CB60FD66C3B037DEED2C9 /* TviImportParameters.hpp */ = {isa = PBXFileReference; includeInIndex = 1; lastKnownFileType = sourcecode.cpp.h; path = TviImportParameters.hpp; sourceTree = "<group>"; };
		1E7127A62F3A4F5A4BC3D3A2 /* TviDatabaseInfo.h */ = {isa = PBXFileReference; includeInIndex = 1; lastKnownFileType = sourcecode.c.h; path = TviDatabaseInfo.h; sourceTree = "<group>"; };
		37E555DF90BF14DA9745FFFF /* TviMemoryStatus.mm */ = {isa = PBXFileReference; includeInIndex = 1; path = TviMemoryStatus.mm; sourceTree = "<group>"; };
		3DC42DC9A40D81AF5800A61A /* TviLimitManager.cpp */ = {isa = PBXFileReference; includeInIndex = 1; lastKnownFileType = sourcecode.cpp.cpp; path = TviLimitManager.cpp; sourceTree = "<group>"; };
		4877ED752F87B49E005709DC /* Sample.dwg */ = {isa = PBXFileReference; lastKnownFileType = file; path = Sample.dwg; sourceTree = "<group>"; };
		48A740532F874AC100465BAE /* CADFP.app */ = {isa = PBXFileReference; explicitFileType = wrapper.application; includeInIndex = 0; path = CADFP.app; sourceTree = BUILT_PRODUCTS_DIR; };
		48A740632F8789EA00465BAE /* Assets.xcassets */ = {isa = PBXFileReference; lastKnownFileType = folder.assetcatalog; path = Assets.xcassets; sourceTree = "<group>"; };
		48A740642F8789EA00465BAE /* CADFPApp.swift */ = {isa = PBXFileReference; lastKnownFileType = sourcecode.swift; path = CADFPApp.swift; sourceTree = "<group>"; };
		48A740652F8789EA00465BAE /* ContentView.swift */ = {isa = PBXFileReference; lastKnownFileType = sourcecode.swift; path = ContentView.swift; sourceTree = "<group>"; };
		48A7406A2F878A1800465BAE /* HomeView.swift */ = {isa = PBXFileReference; lastKnownFileType = sourcecode.swift; path = HomeView.swift; sourceTree = "<group>"; };
		4965624F858B5FC8BC9379B7 /* TviCore.mm */ = {isa = PBXFileReference; includeInIndex = 1; path = TviCore.mm; sourceTree = "<group>"; };
		4E9DBEEBA7EA92DB2E6A87EE /* CADViewerBridgeView.swift */ = {isa = PBXFileReference; includeInIndex = 1; lastKnownFileType = sourcecode.swift; path = CADViewerBridgeView.swift; sourceTree = "<group>"; };
		4F35053662AD56AD4C37BEE3 /* CADFP-Bridging-Header.h */ = {isa = PBXFileReference; includeInIndex = 1; lastKnownFileType = sourcecode.c.h; path = "CADFP-Bridging-Header.h"; sourceTree = "<group>"; };
		535581FED2FF68B0D2CD82C2 /* CADLayerItem.m */ = {isa = PBXFileReference; includeInIndex = 1; lastKnownFileType = sourcecode.c.objc; path = CADLayerItem.m; sourceTree = "<group>"; };
		5475C459C40EEE951DE57460 /* CADBaseViewController.h */ = {isa = PBXFileReference; includeInIndex = 1; lastKnownFileType = sourcecode.c.h; path = CADBaseViewController.h; sourceTree = "<group>"; };
		55713757129A941F6ACE5705 /* CADLayerItem.h */ = {isa = PBXFileReference; includeInIndex = 1; lastKnownFileType = sourcecode.c.h; path = CADLayerItem.h; sourceTree = "<group>"; };
		6168188197B43BF3D3850A62 /* TviCore.hpp */ = {isa = PBXFileReference; includeInIndex = 1; lastKnownFileType = sourcecode.cpp.h; path = TviCore.hpp; sourceTree = "<group>"; };
		64F8D8A0010616125501FFAD /* TviActivator.hpp */ = {isa = PBXFileReference; includeInIndex = 1; lastKnownFileType = sourcecode.cpp.h; path = TviActivator.hpp; sourceTree = "<group>"; };
		65664B61BC885CE9A72E8001 /* TviDraggers.hpp */ = {isa = PBXFileReference; includeInIndex = 1; lastKnownFileType = sourcecode.cpp.h; path = TviDraggers.hpp; sourceTree = "<group>"; };
		6AC80D0F3514E5E863578466 /* TviProgressControl.h */ = {isa = PBXFileReference; includeInIndex = 1; lastKnownFileType = sourcecode.c.h; path = TviProgressControl.h; sourceTree = "<group>"; };
		6F0FAF25C6E74F057EEA0E9B /* CADViewerScreen.swift */ = {isa = PBXFileReference; includeInIndex = 1; lastKnownFileType = sourcecode.swift; path = CADViewerScreen.swift; sourceTree = "<group>"; };
		70476CA288CD505E0677EB68 /* TviProgressMeter.hpp */ = {isa = PBXFileReference; includeInIndex = 1; lastKnownFileType = sourcecode.cpp.h; path = TviProgressMeter.hpp; sourceTree = "<group>"; };
		758E87CFCCC932C4D39FC801 /* CADViewerViewModel.swift */ = {isa = PBXFileReference; includeInIndex = 1; lastKnownFileType = sourcecode.swift; path = CADViewerViewModel.swift; sourceTree = "<group>"; };
		89C1C9D12C98B2C9BC330361 /* TviGlobalParameters.mm */ = {isa = PBXFileReference; includeInIndex = 1; path = TviGlobalParameters.mm; sourceTree = "<group>"; };
		8E3C8101049EBBE7B66F45BE /* TviLimitManager.hpp */ = {isa = PBXFileReference; includeInIndex = 1; lastKnownFileType = sourcecode.cpp.h; path = TviLimitManager.hpp; sourceTree = "<group>"; };
		968692E51BFFDAC430CC59F6 /* TviTools.h */ = {isa = PBXFileReference; includeInIndex = 1; lastKnownFileType = sourcecode.c.h; path = TviTools.h; sourceTree = "<group>"; };
		B2931A55DC6712E1DAFC7F4C /* TviActivator.cpp */ = {isa = PBXFileReference; includeInIndex = 1; lastKnownFileType = sourcecode.cpp.cpp; path = TviActivator.cpp; sourceTree = "<group>"; };
		CB75FB1333EAFBFF2463AD38 /* CADEngineBootstrap.mm */ = {isa = PBXFileReference; includeInIndex = 1; path = CADEngineBootstrap.mm; sourceTree = "<group>"; };
		CDA978F1BECAF3CB17E61FF0 /* TviAxisControl.hpp */ = {isa = PBXFileReference; includeInIndex = 1; lastKnownFileType = sourcecode.cpp.h; path = TviAxisControl.hpp; sourceTree = "<group>"; };
		CEB1738F6356C259E0C53178 /* TviProgressMeter.mm */ = {isa = PBXFileReference; includeInIndex = 1; path = TviProgressMeter.mm; sourceTree = "<group>"; };
		D18227E519CB6846BBDB626D /* CADBaseViewController.mm */ = {isa = PBXFileReference; includeInIndex = 1; path = CADBaseViewController.mm; sourceTree = "<group>"; };
		DC60B757231C53E7B499A1AE /* TviGlobalParameters.hpp */ = {isa = PBXFileReference; includeInIndex = 1; lastKnownFileType = sourcecode.cpp.h; path = TviGlobalParameters.hpp; sourceTree = "<group>"; };
		EA44A5AB9B6B0F590B1BB492 /* CADEngineBootstrap.h */ = {isa = PBXFileReference; includeInIndex = 1; lastKnownFileType = sourcecode.c.h; path = CADEngineBootstrap.h; sourceTree = "<group>"; };
		F3FB2A599F66FA2A0973B1A5 /* TviDraggers.mm */ = {isa = PBXFileReference; includeInIndex = 1; path = TviDraggers.mm; sourceTree = "<group>"; };
/* End PBXFileReference section */

/* Begin PBXFrameworksBuildPhase section */
		48A740502F874AC100465BAE /* Frameworks */ = {
			isa = PBXFrameworksBuildPhase;
			buildActionMask = 2147483647;
			files = (
			);
			runOnlyForDeploymentPostprocessing = 0;
		};
/* End PBXFrameworksBuildPhase section */

/* Begin PBXGroup section */
		2EC41AAB9B46E89C494B87E8 /* CADBridge */ = {
			isa = PBXGroup;
			children = (
				A99BA6E442040097FAA56EBA /* AppCore */,
				8323A47578BF32E865D289E1 /* AppUITools */,
				5475C459C40EEE951DE57460 /* CADBaseViewController.h */,
				D18227E519CB6846BBDB626D /* CADBaseViewController.mm */,
				EA44A5AB9B6B0F590B1BB492 /* CADEngineBootstrap.h */,
				CB75FB1333EAFBFF2463AD38 /* CADEngineBootstrap.mm */,
				55713757129A941F6ACE5705 /* CADLayerItem.h */,
				535581FED2FF68B0D2CD82C2 /* CADLayerItem.m */,
				10C3BA369C4FF70B7445C35B /* RenderViewController.h */,
				1B664BD21AE2E686241CB18D /* RenderViewController.mm */,
			);
			name = CADBridge;
			path = CADBridge;
			sourceTree = "<group>";
		};
		48A7404A2F874AC100465BAE = {
			isa = PBXGroup;
			children = (
				48A740662F8789EA00465BAE /* CADFP */,
				48A740542F874AC100465BAE /* Products */,
			);
			sourceTree = "<group>";
		};
		48A740542F874AC100465BAE /* Products */ = {
			isa = PBXGroup;
			children = (
				48A740532F874AC100465BAE /* CADFP.app */,
			);
			name = Products;
			sourceTree = "<group>";
		};
		48A740622F8789EA00465BAE /* Main */ = {
			isa = PBXGroup;
			children = (
				48A7406A2F878A1800465BAE /* HomeView.swift */,
				F596508EB55186CC80F607BC /* CADViewer */,
			);
			path = Main;
			sourceTree = "<group>";
		};
		48A740662F8789EA00465BAE /* CADFP */ = {
			isa = PBXGroup;
			children = (
				48A740632F8789EA00465BAE /* Assets.xcassets */,
				4877ED752F87B49E005709DC /* Sample.dwg */,
				48A740642F8789EA00465BAE /* CADFPApp.swift */,
				48A740652F8789EA00465BAE /* ContentView.swift */,
				48A740622F8789EA00465BAE /* Main */,
				2EC41AAB9B46E89C494B87E8 /* CADBridge */,
				4F35053662AD56AD4C37BEE3 /* CADFP-Bridging-Header.h */,
			);
			path = CADFP;
			sourceTree = "<group>";
		};
		8323A47578BF32E865D289E1 /* AppUITools */ = {
			isa = PBXGroup;
			children = (
				6AC80D0F3514E5E863578466 /* TviProgressControl.h */,
				07381E0AB6BDD6152F83F57A /* TviProgressControl.m */,
			);
			name = AppUITools;
			path = AppUITools;
			sourceTree = "<group>";
		};
		A99BA6E442040097FAA56EBA /* AppCore */ = {
			isa = PBXGroup;
			children = (
				B2931A55DC6712E1DAFC7F4C /* TviActivator.cpp */,
				64F8D8A0010616125501FFAD /* TviActivator.hpp */,
				12FC66DFB0EA09D0A0FD36B5 /* TviAxisControl.cpp */,
				CDA978F1BECAF3CB17E61FF0 /* TviAxisControl.hpp */,
				6168188197B43BF3D3850A62 /* TviCore.hpp */,
				4965624F858B5FC8BC9379B7 /* TviCore.mm */,
				1E7127A62F3A4F5A4BC3D3A2 /* TviDatabaseInfo.h */,
				65664B61BC885CE9A72E8001 /* TviDraggers.hpp */,
				F3FB2A599F66FA2A0973B1A5 /* TviDraggers.mm */,
				DC60B757231C53E7B499A1AE /* TviGlobalParameters.hpp */,
				89C1C9D12C98B2C9BC330361 /* TviGlobalParameters.mm */,
				1C5CB60FD66C3B037DEED2C9 /* TviImportParameters.hpp */,
				030EF0ABEDDD0762C4723F60 /* TviImportParameters.mm */,
				3DC42DC9A40D81AF5800A61A /* TviLimitManager.cpp */,
				8E3C8101049EBBE7B66F45BE /* TviLimitManager.hpp */,
				1B931E5A5373F8FEB6A7FA26 /* TviMemoryStatus.h */,
				37E555DF90BF14DA9745FFFF /* TviMemoryStatus.mm */,
				70476CA288CD505E0677EB68 /* TviProgressMeter.hpp */,
				CEB1738F6356C259E0C53178 /* TviProgressMeter.mm */,
				968692E51BFFDAC430CC59F6 /* TviTools.h */,
				157A90A95BEE7A35B68527FA /* TviTools.mm */,
			);
			name = AppCore;
			path = AppCore;
			sourceTree = "<group>";
		};
		F596508EB55186CC80F607BC /* CADViewer */ = {
			isa = PBXGroup;
			children = (
				4E9DBEEBA7EA92DB2E6A87EE /* CADViewerBridgeView.swift */,
				6F0FAF25C6E74F057EEA0E9B /* CADViewerScreen.swift */,
				758E87CFCCC932C4D39FC801 /* CADViewerViewModel.swift */,
			);
			name = CADViewer;
			path = CADViewer;
			sourceTree = "<group>";
		};
/* End PBXGroup section */

/* Begin PBXNativeTarget section */
		48A740522F874AC100465BAE /* CADFP */ = {
			isa = PBXNativeTarget;
			buildConfigurationList = 48A7405E2F874AC400465BAE /* Build configuration list for PBXNativeTarget "CADFP" */;
			buildPhases = (
				48A7404F2F874AC100465BAE /* Sources */,
				48A740502F874AC100465BAE /* Frameworks */,
				48A740512F874AC100465BAE /* Resources */,
			);
			buildRules = (
			);
			dependencies = (
			);
			name = CADFP;
			productName = CADFP;
			productReference = 48A740532F874AC100465BAE /* CADFP.app */;
			productType = "com.apple.product-type.application";
		};
/* End PBXNativeTarget section */

/* Begin PBXProject section */
		48A7404B2F874AC100465BAE /* Project object */ = {
			isa = PBXProject;
			attributes = {
				BuildIndependentTargetsInParallel = 1;
				LastSwiftUpdateCheck = 2630;
				LastUpgradeCheck = 2630;
				TargetAttributes = {
					48A740522F874AC100465BAE = {
						CreatedOnToolsVersion = 26.3;
					};
				};
			};
			buildConfigurationList = 48A7404E2F874AC100465BAE /* Build configuration list for PBXProject "CADFP" */;
			developmentRegion = en;
			hasScannedForEncodings = 0;
			knownRegions = (
				en,
				Base,
			);
			mainGroup = 48A7404A2F874AC100465BAE;
			minimizedProjectReferenceProxies = 1;
			preferredProjectObjectVersion = 77;
			productRefGroup = 48A740542F874AC100465BAE /* Products */;
			projectDirPath = "";
			projectRoot = "";
			targets = (
				48A740522F874AC100465BAE /* CADFP */,
			);
		};
/* End PBXProject section */

/* Begin PBXResourcesBuildPhase section */
		48A740512F874AC100465BAE /* Resources */ = {
			isa = PBXResourcesBuildPhase;
			buildActionMask = 2147483647;
			files = (
				4877ED762F87B49E005709DC /* Sample.dwg in Resources */,
				48A740692F8789EA00465BAE /* Assets.xcassets in Resources */,
			);
			runOnlyForDeploymentPostprocessing = 0;
		};
/* End PBXResourcesBuildPhase section */

/* Begin PBXSourcesBuildPhase section */
		48A7404F2F874AC100465BAE /* Sources */ = {
			isa = PBXSourcesBuildPhase;
			buildActionMask = 2147483647;
			files = (
				48A7406B2F878A1800465BAE /* HomeView.swift in Sources */,
				48A740672F8789EA00465BAE /* CADFPApp.swift in Sources */,
				48A740682F8789EA00465BAE /* ContentView.swift in Sources */,
				690F77A68421A4C71312B133 /* TviActivator.cpp in Sources */,
				9847AFE9233C07E8CC75FD6A /* TviAxisControl.cpp in Sources */,
				3B733CA4B8BD27324536F273 /* TviCore.mm in Sources */,
				E6CAE09C6E9B9967FB27329F /* TviDraggers.mm in Sources */,
				93D8D913CA56B58AF98590B0 /* TviGlobalParameters.mm in Sources */,
				3EF6DB11C7BD11D87A9C5CCC /* TviImportParameters.mm in Sources */,
				A792F298CA49C1BAD6A6AC0B /* TviLimitManager.cpp in Sources */,
				57425B11277CCA1A0C7CC822 /* TviMemoryStatus.mm in Sources */,
				C910362D9039E664808D35AD /* TviProgressMeter.mm in Sources */,
				4B887775A576145354939EAD /* TviTools.mm in Sources */,
				0C849EC8A4214B1FB65C7941 /* TviProgressControl.m in Sources */,
				5BA54139AF5E5A7392C00025 /* CADBaseViewController.mm in Sources */,
				75BC06228B156ABFB6571563 /* CADEngineBootstrap.mm in Sources */,
				4E039D043BB8643B3DED18B6 /* CADLayerItem.m in Sources */,
				0E6232669D8A04CE92D25D85 /* RenderViewController.mm in Sources */,
				00D0825C9744B12E1FDEA62C /* CADViewerBridgeView.swift in Sources */,
				98864A387D710A2F7BB44A1F /* CADViewerScreen.swift in Sources */,
				625888F8BE5D25736808C472 /* CADViewerViewModel.swift in Sources */,
			);
			runOnlyForDeploymentPostprocessing = 0;
		};
/* End PBXSourcesBuildPhase section */

/* Begin XCBuildConfiguration section */
		48A7405C2F874AC400465BAE /* Debug */ = {
			isa = XCBuildConfiguration;
			buildSettings = {
				ALWAYS_SEARCH_USER_PATHS = NO;
				ASSETCATALOG_COMPILER_GENERATE_SWIFT_ASSET_SYMBOL_EXTENSIONS = YES;
				CLANG_ANALYZER_NONNULL = YES;
				CLANG_ANALYZER_NUMBER_OBJECT_CONVERSION = YES_AGGRESSIVE;
				CLANG_CXX_LANGUAGE_STANDARD = "gnu++14";
				CLANG_ENABLE_MODULES = YES;
				CLANG_ENABLE_OBJC_ARC = YES;
				CLANG_ENABLE_OBJC_WEAK = YES;
				CLANG_WARN_BLOCK_CAPTURE_AUTORELEASING = YES;
				CLANG_WARN_BOOL_CONVERSION = YES;
				CLANG_WARN_COMMA = YES;
				CLANG_WARN_CONSTANT_CONVERSION = YES;
				CLANG_WARN_DEPRECATED_OBJC_IMPLEMENTATIONS = YES;
				CLANG_WARN_DIRECT_OBJC_ISA_USAGE = YES_ERROR;
				CLANG_WARN_DOCUMENTATION_COMMENTS = YES;
				CLANG_WARN_EMPTY_BODY = YES;
				CLANG_WARN_ENUM_CONVERSION = YES;
				CLANG_WARN_INFINITE_RECURSION = YES;
				CLANG_WARN_INT_CONVERSION = YES;
				CLANG_WARN_NON_LITERAL_NULL_CONVERSION = YES;
				CLANG_WARN_OBJC_IMPLICIT_RETAIN_SELF = YES;
				CLANG_WARN_OBJC_LITERAL_CONVERSION = YES;
				CLANG_WARN_OBJC_ROOT_CLASS = YES_ERROR;
				CLANG_WARN_QUOTED_INCLUDE_IN_FRAMEWORK_HEADER = YES;
				CLANG_WARN_RANGE_LOOP_ANALYSIS = YES;
				CLANG_WARN_STRICT_PROTOTYPES = YES;
				CLANG_WARN_SUSPICIOUS_MOVE = YES;
				CLANG_WARN_UNGUARDED_AVAILABILITY = YES_AGGRESSIVE;
				CLANG_WARN_UNREACHABLE_CODE = YES;
				CLANG_WARN__DUPLICATE_METHOD_MATCH = YES;
				COPY_PHASE_STRIP = NO;
				DEBUG_INFORMATION_FORMAT = dwarf;
				DEVELOPMENT_TEAM = S2Y932A6FY;
				ENABLE_STRICT_OBJC_MSGSEND = YES;
				ENABLE_TESTABILITY = YES;
				ENABLE_USER_SCRIPT_SANDBOXING = YES;
				GCC_C_LANGUAGE_STANDARD = gnu17;
				GCC_DYNAMIC_NO_PIC = NO;
				GCC_NO_COMMON_BLOCKS = YES;
				GCC_OPTIMIZATION_LEVEL = 0;
				GCC_PREPROCESSOR_DEFINITIONS = (
					"DEBUG=1",
					"$(inherited)",
				);
				GCC_WARN_64_TO_32_BIT_CONVERSION = YES;
				GCC_WARN_ABOUT_RETURN_TYPE = YES_ERROR;
				GCC_WARN_UNDECLARED_SELECTOR = YES;
				GCC_WARN_UNINITIALIZED_AUTOS = YES_AGGRESSIVE;
				GCC_WARN_UNUSED_FUNCTION = YES;
				GCC_WARN_UNUSED_VARIABLE = YES;
				IPHONEOS_DEPLOYMENT_TARGET = 26.2;
				LOCALIZATION_PREFERS_STRING_CATALOGS = YES;
				MTL_ENABLE_DEBUG_INFO = INCLUDE_SOURCE;
				MTL_FAST_MATH = YES;
				ONLY_ACTIVE_ARCH = YES;
				SDKROOT = iphoneos;
				SWIFT_ACTIVE_COMPILATION_CONDITIONS = "DEBUG $(inherited)";
				SWIFT_OPTIMIZATION_LEVEL = "-Onone";
			};
			name = Debug;
		};
		48A7405D2F874AC400465BAE /* Release */ = {
			isa = XCBuildConfiguration;
			buildSettings = {
				ALWAYS_SEARCH_USER_PATHS = NO;
				ASSETCATALOG_COMPILER_GENERATE_SWIFT_ASSET_SYMBOL_EXTENSIONS = YES;
				CLANG_ANALYZER_NONNULL = YES;
				CLANG_ANALYZER_NUMBER_OBJECT_CONVERSION = YES_AGGRESSIVE;
				CLANG_CXX_LANGUAGE_STANDARD = "gnu++14";
				CLANG_ENABLE_MODULES = YES;
				CLANG_ENABLE_OBJC_ARC = YES;
				CLANG_ENABLE_OBJC_WEAK = YES;
				CLANG_WARN_BLOCK_CAPTURE_AUTORELEASING = YES;
				CLANG_WARN_BOOL_CONVERSION = YES;
				CLANG_WARN_COMMA = YES;
				CLANG_WARN_CONSTANT_CONVERSION = YES;
				CLANG_WARN_DEPRECATED_OBJC_IMPLEMENTATIONS = YES;
				CLANG_WARN_DIRECT_OBJC_ISA_USAGE = YES_ERROR;
				CLANG_WARN_DOCUMENTATION_COMMENTS = YES;
				CLANG_WARN_EMPTY_BODY = YES;
				CLANG_WARN_ENUM_CONVERSION = YES;
				CLANG_WARN_INFINITE_RECURSION = YES;
				CLANG_WARN_INT_CONVERSION = YES;
				CLANG_WARN_NON_LITERAL_NULL_CONVERSION = YES;
				CLANG_WARN_OBJC_IMPLICIT_RETAIN_SELF = YES;
				CLANG_WARN_OBJC_LITERAL_CONVERSION = YES;
				CLANG_WARN_OBJC_ROOT_CLASS = YES_ERROR;
				CLANG_WARN_QUOTED_INCLUDE_IN_FRAMEWORK_HEADER = YES;
				CLANG_WARN_RANGE_LOOP_ANALYSIS = YES;
				CLANG_WARN_STRICT_PROTOTYPES = YES;
				CLANG_WARN_SUSPICIOUS_MOVE = YES;
				CLANG_WARN_UNGUARDED_AVAILABILITY = YES_AGGRESSIVE;
				CLANG_WARN_UNREACHABLE_CODE = YES;
				CLANG_WARN__DUPLICATE_METHOD_MATCH = YES;
				COPY_PHASE_STRIP = NO;
				DEBUG_INFORMATION_FORMAT = "dwarf-with-dsym";
				DEVELOPMENT_TEAM = S2Y932A6FY;
				ENABLE_NS_ASSERTIONS = NO;
				ENABLE_STRICT_OBJC_MSGSEND = YES;
				ENABLE_USER_SCRIPT_SANDBOXING = YES;
				GCC_C_LANGUAGE_STANDARD = gnu17;
				GCC_NO_COMMON_BLOCKS = YES;
				GCC_WARN_64_TO_32_BIT_CONVERSION = YES;
				GCC_WARN_ABOUT_RETURN_TYPE = YES_ERROR;
				GCC_WARN_UNDECLARED_SELECTOR = YES;
				GCC_WARN_UNINITIALIZED_AUTOS = YES_AGGRESSIVE;
				GCC_WARN_UNUSED_FUNCTION = YES;
				GCC_WARN_UNUSED_VARIABLE = YES;
				IPHONEOS_DEPLOYMENT_TARGET = 26.2;
				LOCALIZATION_PREFERS_STRING_CATALOGS = YES;
				MTL_ENABLE_DEBUG_INFO = NO;
				MTL_FAST_MATH = YES;
				SDKROOT = iphoneos;
				SWIFT_COMPILATION_MODE = wholemodule;
				VALIDATE_PRODUCT = YES;
			};
			name = Release;
		};
		48A7405F2F874AC400465BAE /* Debug */ = {
			isa = XCBuildConfiguration;
			buildSettings = {
				ASSETCATALOG_COMPILER_APPICON_NAME = AppIcon;
				ASSETCATALOG_COMPILER_GLOBAL_ACCENT_COLOR_NAME = AccentColor;
				CLANG_CXX_LANGUAGE_STANDARD = "gnu++14";
				CODE_SIGN_STYLE = Automatic;
				CURRENT_PROJECT_VERSION = 1;
				DEVELOPMENT_TEAM = S2Y932A6FY;
				ENABLE_PREVIEWS = YES;
				GENERATE_INFOPLIST_FILE = YES;
				HEADER_SEARCH_PATHS = (
					"$(inherited)",
					"$(SRCROOT)/可视化真机/KernelBase/Include",
					"$(SRCROOT)/可视化真机/Drawing/Examples/iOS/iCommon",
					"$(SRCROOT)/可视化真机/Kernel/Extensions/ExServices",
					"$(SRCROOT)/可视化真机/ThirdParty/activation",
					"$(SRCROOT)/可视化真机/Visualize/Include",
					"$(SRCROOT)/可视化真机/Visualize/Core/Include",
					"$(SRCROOT)/可视化真机/Kernel/Include",
					"$(SRCROOT)/可视化真机/Drawing/Include",
				);
				INFOPLIST_KEY_UIApplicationSceneManifest_Generation = YES;
				INFOPLIST_KEY_UIApplicationSupportsIndirectInputEvents = YES;
				INFOPLIST_KEY_UILaunchScreen_Generation = YES;
				INFOPLIST_KEY_UISupportedInterfaceOrientations = UIInterfaceOrientationPortrait;
				INFOPLIST_KEY_UISupportedInterfaceOrientations_iPad = "UIInterfaceOrientationLandscapeLeft UIInterfaceOrientationLandscapeRight UIInterfaceOrientationPortrait UIInterfaceOrientationPortraitUpsideDown";
				IPHONEOS_DEPLOYMENT_TARGET = 16.6;
				LD_RUNPATH_SEARCH_PATHS = (
					"$(inherited)",
					"@executable_path/Frameworks",
				);
				LIBRARY_SEARCH_PATHS = (
					"$(inherited)",
					"$(SRCROOT)/可视化真机/lib/iOS_14.0",
				);
				MARKETING_VERSION = 1.0;
				OTHER_LDFLAGS = (
					"$(inherited)",
					"-ObjC",
					"-lsqlite3",
					"-lz",
					"-lc++",
					"-framework",
					CoreGraphics,
					"-framework",
					CoreTelephony,
					"-framework",
					Foundation,
					"-framework",
					GLKit,
					"-framework",
					ImageIO,
					"-framework",
					MobileCoreServices,
					"-framework",
					OpenGLES,
					"-framework",
					QuartzCore,
					"-framework",
					Security,
					"-framework",
					SystemConfiguration,
					"-framework",
					UIKit,
					"-lTD_Zlib",
					"-lTD_Alloc",
					"-lTD_SpatialIndex",
					"-lTD_Gi",
					"-lTD_Gs",
					"-lTD_Ge",
					"-lTD_Db",
					"-lTD_DbRoot",
					"-lTD_Root",
					"-lRxCommonDataAccess",
					"-lRxRasterServices",
					"-lModelerCommands",
					"-lModelerGeometry",
					"-lFreeType",
					"-lWinGLES2",
					"-lTD_BrepBuilder",
					"-lRasterProcessor",
					"-lRecomputeDimBlock",
					"-llibcrypto",
					"-lTD_ExamplesCommon",
					"-lTD_AcisBuilder",
					"-lTD_BrepRenderer",
					"-lTD_Br",
					"-lFreeImage",
					"-lTrGL2",
					"-lUTF",
					"-lSCENEOE",
					"-lACCAMERA",
					"-lAcMPolygonObj15",
					"-lWipeOut",
					"-lISM",
					"-lTD_DbIO",
					"-lTD_DbEntities",
					"-lRText",
					"-lTD_DbCore",
					"-lATEXT",
					"-lTrBase",
					"-lTrVec",
					"-lTD_DrawingsExamplesCommon",
					"-lFacetModeler",
					"-lTrRenderBase",
					"-lRxProperties",
					"-lTD_BrepBuilderFiller",
					"-lOdBrepModeler",
					"-lRxPdfToRasterServices",
					"-lDwfToolkit",
					"-loless",
					"-lTD_tiff",
					"-lTD_TfCore",
					"-lExCommands",
					"-lExCustObjs",
					"-lTD_png",
					"-lTD_jpeg",
					"-lOdDbGeoMapPE",
					"-lAcDbPointCloudObj",
					"-lGeoCommands",
					"-lOdGeoData",
					"-lWinBitmap",
					"-lWinOpenGL",
					"-lTG_ModelerGeometry",
					"-lAcGeolocationObj",
					"-lOdDbPartialViewing",
					"-lOdTvDbPartialViewing",
					"-lTV_Visualize",
					"-lTV_Key",
					"-lTV_SCENEOE",
					"-lTV_ISM",
					"-lTV_DbCore",
					"-lTV_DbIO",
					"-lTV_VisualizeTools",
					"-lThreadPool",
					"-lOBJToolkit",
					"-lDwg2Visualize",
					"-lObj2Visualize",
					"-lExVisualizeDevice",
					"-lTD_Pdfium",
					"-lPDFiumModule",
					"-lDbCryptModule",
					"-ltinyxml",
					"-Wl,-headerpad_max_install_names",
					"-lTV_Tf",
				);
				PRODUCT_BUNDLE_IDENTIFIER = pdia.CADFP;
				PRODUCT_NAME = "$(TARGET_NAME)";
				STRING_CATALOG_GENERATE_SYMBOLS = YES;
				SWIFT_APPROACHABLE_CONCURRENCY = YES;
				SWIFT_DEFAULT_ACTOR_ISOLATION = MainActor;
				SWIFT_EMIT_LOC_STRINGS = YES;
				SWIFT_OBJC_BRIDGING_HEADER = "CADFP/CADFP-Bridging-Header.h";
				SWIFT_UPCOMING_FEATURE_MEMBER_IMPORT_VISIBILITY = YES;
				SWIFT_VERSION = 5.0;
				TARGETED_DEVICE_FAMILY = "1,2";
			};
			name = Debug;
		};
		48A740602F874AC400465BAE /* Release */ = {
			isa = XCBuildConfiguration;
			buildSettings = {
				ASSETCATALOG_COMPILER_APPICON_NAME = AppIcon;
				ASSETCATALOG_COMPILER_GLOBAL_ACCENT_COLOR_NAME = AccentColor;
				CLANG_CXX_LANGUAGE_STANDARD = "gnu++14";
				CODE_SIGN_STYLE = Automatic;
				CURRENT_PROJECT_VERSION = 1;
				DEVELOPMENT_TEAM = S2Y932A6FY;
				ENABLE_PREVIEWS = YES;
				GENERATE_INFOPLIST_FILE = YES;
				HEADER_SEARCH_PATHS = (
					"$(inherited)",
					"$(SRCROOT)/可视化真机/KernelBase/Include",
					"$(SRCROOT)/可视化真机/Drawing/Examples/iOS/iCommon",
					"$(SRCROOT)/可视化真机/Kernel/Extensions/ExServices",
					"$(SRCROOT)/可视化真机/ThirdParty/activation",
					"$(SRCROOT)/可视化真机/Visualize/Include",
					"$(SRCROOT)/可视化真机/Visualize/Core/Include",
					"$(SRCROOT)/可视化真机/Kernel/Include",
					"$(SRCROOT)/可视化真机/Drawing/Include",
				);
				INFOPLIST_KEY_UIApplicationSceneManifest_Generation = YES;
				INFOPLIST_KEY_UIApplicationSupportsIndirectInputEvents = YES;
				INFOPLIST_KEY_UILaunchScreen_Generation = YES;
				INFOPLIST_KEY_UISupportedInterfaceOrientations = UIInterfaceOrientationPortrait;
				INFOPLIST_KEY_UISupportedInterfaceOrientations_iPad = "UIInterfaceOrientationLandscapeLeft UIInterfaceOrientationLandscapeRight UIInterfaceOrientationPortrait UIInterfaceOrientationPortraitUpsideDown";
				IPHONEOS_DEPLOYMENT_TARGET = 16.6;
				LD_RUNPATH_SEARCH_PATHS = (
					"$(inherited)",
					"@executable_path/Frameworks",
				);
				LIBRARY_SEARCH_PATHS = (
					"$(inherited)",
					"$(SRCROOT)/可视化真机/lib/iOS_14.0",
				);
				MARKETING_VERSION = 1.0;
				OTHER_LDFLAGS = (
					"$(inherited)",
					"-ObjC",
					"-lsqlite3",
					"-lz",
					"-lc++",
					"-framework",
					CoreGraphics,
					"-framework",
					CoreTelephony,
					"-framework",
					Foundation,
					"-framework",
					GLKit,
					"-framework",
					ImageIO,
					"-framework",
					MobileCoreServices,
					"-framework",
					OpenGLES,
					"-framework",
					QuartzCore,
					"-framework",
					Security,
					"-framework",
					SystemConfiguration,
					"-framework",
					UIKit,
					"-lTD_Zlib",
					"-lTD_Alloc",
					"-lTD_SpatialIndex",
					"-lTD_Gi",
					"-lTD_Gs",
					"-lTD_Ge",
					"-lTD_Db",
					"-lTD_DbRoot",
					"-lTD_Root",
					"-lRxCommonDataAccess",
					"-lRxRasterServices",
					"-lModelerCommands",
					"-lModelerGeometry",
					"-lFreeType",
					"-lWinGLES2",
					"-lTD_BrepBuilder",
					"-lRasterProcessor",
					"-lRecomputeDimBlock",
					"-llibcrypto",
					"-lTD_ExamplesCommon",
					"-lTD_AcisBuilder",
					"-lTD_BrepRenderer",
					"-lTD_Br",
					"-lFreeImage",
					"-lTrGL2",
					"-lUTF",
					"-lSCENEOE",
					"-lACCAMERA",
					"-lAcMPolygonObj15",
					"-lWipeOut",
					"-lISM",
					"-lTD_DbIO",
					"-lTD_DbEntities",
					"-lRText",
					"-lTD_DbCore",
					"-lATEXT",
					"-lTrBase",
					"-lTrVec",
					"-lTD_DrawingsExamplesCommon",
					"-lFacetModeler",
					"-lTrRenderBase",
					"-lRxProperties",
					"-lTD_BrepBuilderFiller",
					"-lOdBrepModeler",
					"-lRxPdfToRasterServices",
					"-lDwfToolkit",
					"-loless",
					"-lTD_tiff",
					"-lTD_TfCore",
					"-lExCommands",
					"-lExCustObjs",
					"-lTD_png",
					"-lTD_jpeg",
					"-lOdDbGeoMapPE",
					"-lAcDbPointCloudObj",
					"-lGeoCommands",
					"-lOdGeoData",
					"-lWinBitmap",
					"-lWinOpenGL",
					"-lTG_ModelerGeometry",
					"-lAcGeolocationObj",
					"-lOdDbPartialViewing",
					"-lOdTvDbPartialViewing",
					"-lTV_Visualize",
					"-lTV_Key",
					"-lTV_SCENEOE",
					"-lTV_ISM",
					"-lTV_DbCore",
					"-lTV_DbIO",
					"-lTV_VisualizeTools",
					"-lThreadPool",
					"-lOBJToolkit",
					"-lDwg2Visualize",
					"-lObj2Visualize",
					"-lExVisualizeDevice",
					"-lTD_Pdfium",
					"-lPDFiumModule",
					"-lDbCryptModule",
					"-ltinyxml",
					"-Wl,-headerpad_max_install_names",
					"-lTV_Tf",
				);
				PRODUCT_BUNDLE_IDENTIFIER = pdia.CADFP;
				PRODUCT_NAME = "$(TARGET_NAME)";
				STRING_CATALOG_GENERATE_SYMBOLS = YES;
				SWIFT_APPROACHABLE_CONCURRENCY = YES;
				SWIFT_DEFAULT_ACTOR_ISOLATION = MainActor;
				SWIFT_EMIT_LOC_STRINGS = YES;
				SWIFT_OBJC_BRIDGING_HEADER = "CADFP/CADFP-Bridging-Header.h";
				SWIFT_UPCOMING_FEATURE_MEMBER_IMPORT_VISIBILITY = YES;
				SWIFT_VERSION = 5.0;
				TARGETED_DEVICE_FAMILY = "1,2";
			};
			name = Release;
		};
/* End XCBuildConfiguration section */

/* Begin XCConfigurationList section */
		48A7404E2F874AC100465BAE /* Build configuration list for PBXProject "CADFP" */ = {
			isa = XCConfigurationList;
			buildConfigurations = (
				48A7405C2F874AC400465BAE /* Debug */,
				48A7405D2F874AC400465BAE /* Release */,
			);
			defaultConfigurationIsVisible = 0;
			defaultConfigurationName = Release;
		};
		48A7405E2F874AC400465BAE /* Build configuration list for PBXNativeTarget "CADFP" */ = {
			isa = XCConfigurationList;
			buildConfigurations = (
				48A7405F2F874AC400465BAE /* Debug */,
				48A740602F874AC400465BAE /* Release */,
			);
			defaultConfigurationIsVisible = 0;
			defaultConfigurationName = Release;
		};
/* End XCConfigurationList section */
	};
	rootObject = 48A7404B2F874AC100465BAE /* Project object */;
}
